
Microsoft Visual Studio Solution File, Format Version 12.00
# Visual Studio Version 17
VisualStudioVersion = 17.4.33006.217
MinimumVisualStudioVersion = 10.0.40219.1
Project("{FAE04EC0-301F-11D3-BF4B-00C04F79EFBC}") = "OOPHomework", "OOPHomework\OOPHomework.csproj", "{B2C7556C-AABF-4365-BB8F-14AC1C9F2BB5}"
EndProject
Global
	GlobalSection(SolutionConfigurationPlatforms) = preSolution
		Debug|Any CPU = Debug|Any CPU
		Release|Any CPU = Release|Any CPU
	EndGlobalSection
	GlobalSection(ProjectConfigurationPlatforms) = postSolution
		{B2C7556C-AABF-4365-BB8F-14AC1C9F2BB5}.Debug|Any CPU.ActiveCfg = Debug|Any CPU
		{B2C7556C-AABF-4365-BB8F-14AC1C9F2BB5}.Debug|Any CPU.Build.0 = Debug|Any CPU
		{B2C7556C-AABF-4365-BB8F-14AC1C9F2BB5}.Release|Any CPU.ActiveCfg = Release|Any CPU
		{B2C7556C-AABF-4365-BB8F-14AC1C9F2BB5}.Release|Any CPU.Build.0 = Release|Any CPU
	EndGlobalSection
	GlobalSection(SolutionProperties) = preSolution
		HideSolutionNode = FALSE
	EndGlobalSection
	GlobalSection(ExtensibilityGlobals) = postSolution
		SolutionGuid = {D19D79AE-BBC1-4526-9743-8F54C0986245}
	EndGlobalSection
EndGlobal
